<Solution>
  <Folder Name="/src/" />
  <Folder Name="/src/API/" />
  <Folder Name="/src/Core/">
    <Project Path="HR.LeaveManagement.Application/HR.LeaveManagement.Application.csproj" Id="4f8be912-1bd6-47fe-98c2-946b557489ff" />
    <Project Path="HR.LeaveManagement.Domain/HR.LeaveManagement.Domain.csproj" Id="24904ca7-09ff-4f7f-8f2c-d781e2d7c1cc" />
  </Folder>
  <Folder Name="/src/Infrastructure/" />
  <Folder Name="/src/UI/" />
  <Folder Name="/test/" />
</Solution>
